// !$*UTF8*$!
{
	archiveVersion = 1;
	classes = {
	};
	objectVersion = 46;
	objects = {

/* Begin PBXBuildFile section */
		24E16CFA1EBB6E34001FF479 /* challenge_system_test_1.c in Sources */ = {isa = PBXBuildFile; fileRef = 24E16CF11EBB6E34001FF479 /* challenge_system_test_1.c */; };
		24E16CFB1EBB6E34001FF479 /* challenge_system.c in Sources */ = {isa = PBXBuildFile; fileRef = 24E16CF21EBB6E34001FF479 /* challenge_system.c */; };
		24E16CFC1EBB6E34001FF479 /* challenge.c in Sources */ = {isa = PBXBuildFile; fileRef = 24E16CF41EBB6E34001FF479 /* challenge.c */; };
		24E16CFD1EBB6E34001FF479 /* visitor_room.c in Sources */ = {isa = PBXBuildFile; fileRef = 24E16CF81EBB6E34001FF479 /* visitor_room.c */; };
/* End PBXBuildFile section */

/* Begin PBXCopyFilesBuildPhase section */
		24E16CC41EBB67A1001FF479 /* CopyFiles */ = {
			isa = PBXCopyFilesBuildPhase;
			buildActionMask = 2147483647;
			dstPath = /usr/share/man/man1/;
			dstSubfolderSpec = 0;
			files = (
			);
			runOnlyForDeploymentPostprocessing = 1;
		};
/* End PBXCopyFilesBuildPhase section */

/* Begin PBXFileReference section */
		24E16CC61EBB67A1001FF479 /* hw2 */ = {isa = PBXFileReference; explicitFileType = "compiled.mach-o.executable"; includeInIndex = 0; path = hw2; sourceTree = BUILT_PRODUCTS_DIR; };
		24E16CF01EBB6E34001FF479 /* challenge_room_system_fields.h */ = {isa = PBXFileReference; fileEncoding = 4; lastKnownFileType = sourcecode.c.h; path = challenge_room_system_fields.h; sourceTree = SOURCE_ROOT; };
		24E16CF11EBB6E34001FF479 /* challenge_system_test_1.c */ = {isa = PBXFileReference; fileEncoding = 4; lastKnownFileType = sourcecode.c.c; path = challenge_system_test_1.c; sourceTree = SOURCE_ROOT; };
		24E16CF21EBB6E34001FF479 /* challenge_system.c */ = {isa = PBXFileReference; fileEncoding = 4; lastKnownFileType = sourcecode.c.c; path = challenge_system.c; sourceTree = SOURCE_ROOT; };
		24E16CF31EBB6E34001FF479 /* challenge_system.h */ = {isa = PBXFileReference; fileEncoding = 4; lastKnownFileType = sourcecode.c.h; path = challenge_system.h; sourceTree = SOURCE_ROOT; };
		24E16CF41EBB6E34001FF479 /* challenge.c */ = {isa = PBXFileReference; fileEncoding = 4; lastKnownFileType = sourcecode.c.c; path = challenge.c; sourceTree = SOURCE_ROOT; };
		24E16CF51EBB6E34001FF479 /* challenge.h */ = {isa = PBXFileReference; fileEncoding = 4; lastKnownFileType = sourcecode.c.h; path = challenge.h; sourceTree = SOURCE_ROOT; };
		24E16CF61EBB6E34001FF479 /* constants.h */ = {isa = PBXFileReference; fileEncoding = 4; lastKnownFileType = sourcecode.c.h; path = constants.h; sourceTree = SOURCE_ROOT; };
		24E16CF71EBB6E34001FF479 /* system_additional_types.h */ = {isa = PBXFileReference; fileEncoding = 4; lastKnownFileType = sourcecode.c.h; path = system_additional_types.h; sourceTree = SOURCE_ROOT; };
		24E16CF81EBB6E34001FF479 /* visitor_room.c */ = {isa = PBXFileReference; fileEncoding = 4; lastKnownFileType = sourcecode.c.c; path = visitor_room.c; sourceTree = SOURCE_ROOT; };
		24E16CF91EBB6E34001FF479 /* visitor_room.h */ = {isa = PBXFileReference; fileEncoding = 4; lastKnownFileType = sourcecode.c.h; path = visitor_room.h; sourceTree = SOURCE_ROOT; };
/* End PBXFileReference section */

/* Begin PBXFrameworksBuildPhase section */
		24E16CC31EBB67A1001FF479 /* Frameworks */ = {
			isa = PBXFrameworksBuildPhase;
			buildActionMask = 2147483647;
			files = (
			);
			runOnlyForDeploymentPostprocessing = 0;
		};
/* End PBXFrameworksBuildPhase section */

/* Begin PBXGroup section */
		24E16CBD1EBB67A1001FF479 = {
			isa = PBXGroup;
			children = (
				24E16CC81EBB67A1001FF479 /* hw2 */,
				24E16CC71EBB67A1001FF479 /* Products */,
			);
			sourceTree = "<group>";
		};
		24E16CC71EBB67A1001FF479 /* Products */ = {
			isa = PBXGroup;
			children = (
				24E16CC61EBB67A1001FF479 /* hw2 */,
			);
			name = Products;
			sourceTree = "<group>";
		};
		24E16CC81EBB67A1001FF479 /* hw2 */ = {
			isa = PBXGroup;
			children = (
				24E16CF01EBB6E34001FF479 /* challenge_room_system_fields.h */,
				24E16CF11EBB6E34001FF479 /* challenge_system_test_1.c */,
				24E16CF21EBB6E34001FF479 /* challenge_system.c */,
				24E16CF31EBB6E34001FF479 /* challenge_system.h */,
				24E16CF41EBB6E34001FF479 /* challenge.c */,
				24E16CF51EBB6E34001FF479 /* challenge.h */,
				24E16CF61EBB6E34001FF479 /* constants.h */,
				24E16CF71EBB6E34001FF479 /* system_additional_types.h */,
				24E16CF81EBB6E34001FF479 /* visitor_room.c */,
				24E16CF91EBB6E34001FF479 /* visitor_room.h */,
			);
			path = hw2;
			sourceTree = "<group>";
		};
/* End PBXGroup section */

/* Begin PBXNativeTarget section */
		24E16CC51EBB67A1001FF479 /* hw2 */ = {
			isa = PBXNativeTarget;
			buildConfigurationList = 24E16CCD1EBB67A1001FF479 /* Build configuration list for PBXNativeTarget "hw2" */;
			buildPhases = (
				24E16CC21EBB67A1001FF479 /* Sources */,
				24E16CC31EBB67A1001FF479 /* Frameworks */,
				24E16CC41EBB67A1001FF479 /* CopyFiles */,
			);
			buildRules = (
			);
			dependencies = (
			);
			name = hw2;
			productName = hw2;
			productReference = 24E16CC61EBB67A1001FF479 /* hw2 */;
			productType = "com.apple.product-type.tool";
		};
/* End PBXNativeTarget section */

/* Begin PBXProject section */
		24E16CBE1EBB67A1001FF479 /* Project object */ = {
			isa = PBXProject;
			attributes = {
				LastUpgradeCheck = 0830;
				ORGANIZATIONNAME = "sagi bouzaglo";
				TargetAttributes = {
					24E16CC51EBB67A1001FF479 = {
						CreatedOnToolsVersion = 8.3.2;
						ProvisioningStyle = Automatic;
					};
				};
			};
			buildConfigurationList = 24E16CC11EBB67A1001FF479 /* Build configuration list for PBXProject "hw2" */;
			compatibilityVersion = "Xcode 3.2";
			developmentRegion = English;
			hasScannedForEncodings = 0;
			knownRegions = (
				en,
			);
			mainGroup = 24E16CBD1EBB67A1001FF479;
			productRefGroup = 24E16CC71EBB67A1001FF479 /* Products */;
			projectDirPath = "";
			projectRoot = "";
			targets = (
				24E16CC51EBB67A1001FF479 /* hw2 */,
			);
		};
/* End PBXProject section */

/* Begin PBXSourcesBuildPhase section */
		24E16CC21EBB67A1001FF479 /* Sources */ = {
			isa = PBXSourcesBuildPhase;
			buildActionMask = 2147483647;
			files = (
				24E16CFB1EBB6E34001FF479 /* challenge_system.c in Sources */,
				24E16CFC1EBB6E34001FF479 /* challenge.c in Sources */,
				24E16CFD1EBB6E34001FF479 /* visitor_room.c in Sources */,
				24E16CFA1EBB6E34001FF479 /* challenge_system_test_1.c in Sources */,
			);
			runOnlyForDeploymentPostprocessing = 0;
		};
/* End PBXSourcesBuildPhase section */

/* Begin XCBuildConfiguration section */
		24E16CCB1EBB67A1001FF479 /* Debug */ = {
			isa = XCBuildConfiguration;
			buildSettings = {
				ALWAYS_SEARCH_USER_PATHS = NO;
				CLANG_ANALYZER_NONNULL = YES;
				CLANG_ANALYZER_NUMBER_OBJECT_CONVERSION = YES_AGGRESSIVE;
				CLANG_CXX_LANGUAGE_STANDARD = "gnu++0x";
				CLANG_CXX_LIBRARY = "libc++";
				CLANG_ENABLE_MODULES = YES;
				CLANG_ENABLE_OBJC_ARC = YES;
				CLANG_WARN_BOOL_CONVERSION = YES;
				CLANG_WARN_CONSTANT_CONVERSION = YES;
				CLANG_WARN_DIRECT_OBJC_ISA_USAGE = YES_ERROR;
				CLANG_WARN_DOCUMENTATION_COMMENTS = YES;
				CLANG_WARN_EMPTY_BODY = YES;
				CLANG_WARN_ENUM_CONVERSION = YES;
				CLANG_WARN_INFINITE_RECURSION = YES;
				CLANG_WARN_INT_CONVERSION = YES;
				CLANG_WARN_OBJC_ROOT_CLASS = YES_ERROR;
				CLANG_WARN_SUSPICIOUS_MOVE = YES;
				CLANG_WARN_UNREACHABLE_CODE = YES;
				CLANG_WARN__DUPLICATE_METHOD_MATCH = YES;
				CODE_SIGN_IDENTITY = "-";
				COPY_PHASE_STRIP = NO;
				DEBUG_INFORMATION_FORMAT = dwarf;
				ENABLE_STRICT_OBJC_MSGSEND = YES;
				ENABLE_TESTABILITY = YES;
				GCC_C_LANGUAGE_STANDARD = gnu99;
				GCC_DYNAMIC_NO_PIC = NO;
				GCC_NO_COMMON_BLOCKS = YES;
				GCC_OPTIMIZATION_LEVEL = 0;
				GCC_PREPROCESSOR_DEFINITIONS = (
					"DEBUG=1",
					"$(inherited)",
				);
				GCC_WARN_64_TO_32_BIT_CONVERSION = YES;
				GCC_WARN_ABOUT_RETURN_TYPE = YES_ERROR;
				GCC_WARN_UNDECLARED_SELECTOR = YES;
				GCC_WARN_UNINITIALIZED_AUTOS = YES_AGGRESSIVE;
				GCC_WARN_UNUSED_FUNCTION = YES;
				GCC_WARN_UNUSED_VARIABLE = YES;
				MACOSX_DEPLOYMENT_TARGET = 10.12;
				MTL_ENABLE_DEBUG_INFO = YES;
				ONLY_ACTIVE_ARCH = YES;
				SDKROOT = macosx;
			};
			name = Debug;
		};
		24E16CCC1EBB67A1001FF479 /* Release */ = {
			isa = XCBuildConfiguration;
			buildSettings = {
				ALWAYS_SEARCH_USER_PATHS = NO;
				CLANG_ANALYZER_NONNULL = YES;
				CLANG_ANALYZER_NUMBER_OBJECT_CONVERSION = YES_AGGRESSIVE;
				CLANG_CXX_LANGUAGE_STANDARD = "gnu++0x";
				CLANG_CXX_LIBRARY = "libc++";
				CLANG_ENABLE_MODULES = YES;
				CLANG_ENABLE_OBJC_ARC = YES;
				CLANG_WARN_BOOL_CONVERSION = YES;
				CLANG_WARN_CONSTANT_CONVERSION = YES;
				CLANG_WARN_DIRECT_OBJC_ISA_USAGE = YES_ERROR;
				CLANG_WARN_DOCUMENTATION_COMMENTS = YES;
				CLANG_WARN_EMPTY_BODY = YES;
				CLANG_WARN_ENUM_CONVERSION = YES;
				CLANG_WARN_INFINITE_RECURSION = YES;
				CLANG_WARN_INT_CONVERSION = YES;
				CLANG_WARN_OBJC_ROOT_CLASS = YES_ERROR;
				CLANG_WARN_SUSPICIOUS_MOVE = YES;
				CLANG_WARN_UNREACHABLE_CODE = YES;
				CLANG_WARN__DUPLICATE_METHOD_MATCH = YES;
				CODE_SIGN_IDENTITY = "-";
				COPY_PHASE_STRIP = NO;
				DEBUG_INFORMATION_FORMAT = "dwarf-with-dsym";
				ENABLE_NS_ASSERTIONS = NO;
				ENABLE_STRICT_OBJC_MSGSEND = YES;
				GCC_C_LANGUAGE_STANDARD = gnu99;
				GCC_NO_COMMON_BLOCKS = YES;
				GCC_WARN_64_TO_32_BIT_CONVERSION = YES;
				GCC_WARN_ABOUT_RETURN_TYPE = YES_ERROR;
				GCC_WARN_UNDECLARED_SELECTOR = YES;
				GCC_WARN_UNINITIALIZED_AUTOS = YES_AGGRESSIVE;
				GCC_WARN_UNUSED_FUNCTION = YES;
				GCC_WARN_UNUSED_VARIABLE = YES;
				MACOSX_DEPLOYMENT_TARGET = 10.12;
				MTL_ENABLE_DEBUG_INFO = NO;
				SDKROOT = macosx;
			};
			name = Release;
		};
		24E16CCE1EBB67A1001FF479 /* Debug */ = {
			isa = XCBuildConfiguration;
			buildSettings = {
				PRODUCT_NAME = "$(TARGET_NAME)";
			};
			name = Debug;
		};
		24E16CCF1EBB67A1001FF479 /* Release */ = {
			isa = XCBuildConfiguration;
			buildSettings = {
				PRODUCT_NAME = "$(TARGET_NAME)";
			};
			name = Release;
		};
/* End XCBuildConfiguration section */

/* Begin XCConfigurationList section */
		24E16CC11EBB67A1001FF479 /* Build configuration list for PBXProject "hw2" */ = {
			isa = XCConfigurationList;
			buildConfigurations = (
				24E16CCB1EBB67A1001FF479 /* Debug */,
				24E16CCC1EBB67A1001FF479 /* Release */,
			);
			defaultConfigurationIsVisible = 0;
			defaultConfigurationName = Release;
		};
		24E16CCD1EBB67A1001FF479 /* Build configuration list for PBXNativeTarget "hw2" */ = {
			isa = XCConfigurationList;
			buildConfigurations = (
				24E16CCE1EBB67A1001FF479 /* Debug */,
				24E16CCF1EBB67A1001FF479 /* Release */,
			);
			defaultConfigurationIsVisible = 0;
		};
/* End XCConfigurationList section */
	};
	rootObject = 24E16CBE1EBB67A1001FF479 /* Project object */;
}
